
Microsoft Visual Studio Solution File, Format Version 12.00
# Visual Studio Version 16
VisualStudioVersion = 16.0.31624.102
MinimumVisualStudioVersion = 10.0.40219.1
Project("{FAE04EC0-301F-11D3-BF4B-00C04F79EFBC}") = "task1", "task1.csproj", "{15A96B0D-1E09-4795-A880-E3B686BD7AD2}"
EndProject
Project("{FAE04EC0-301F-11D3-BF4B-00C04F79EFBC}") = "task2", "..\task2\task2.csproj", "{CAC94A74-12B5-412F-A9EB-1CB61B6C10E8}"
EndProject
Project("{FAE04EC0-301F-11D3-BF4B-00C04F79EFBC}") = "task3", "..\task3\task3.csproj", "{C7E393D3-4F51-4EE8-976F-FCA12249AE13}"
EndProject
Project("{FAE04EC0-301F-11D3-BF4B-00C04F79EFBC}") = "task4", "..\task4\task4.csproj", "{184DE67E-9302-4681-860D-90FB88BCB87B}"
EndProject
Global
	GlobalSection(SolutionConfigurationPlatforms) = preSolution
		Debug|Any CPU = Debug|Any CPU
		Release|Any CPU = Release|Any CPU
	EndGlobalSection
	GlobalSection(ProjectConfigurationPlatforms) = postSolution
		{15A96B0D-1E09-4795-A880-E3B686BD7AD2}.Debug|Any CPU.ActiveCfg = Debug|Any CPU
		{15A96B0D-1E09-4795-A880-E3B686BD7AD2}.Debug|Any CPU.Build.0 = Debug|Any CPU
		{15A96B0D-1E09-4795-A880-E3B686BD7AD2}.Release|Any CPU.ActiveCfg = Release|Any CPU
		{15A96B0D-1E09-4795-A880-E3B686BD7AD2}.Release|Any CPU.Build.0 = Release|Any CPU
		{CAC94A74-12B5-412F-A9EB-1CB61B6C10E8}.Debug|Any CPU.ActiveCfg = Debug|Any CPU
		{CAC94A74-12B5-412F-A9EB-1CB61B6C10E8}.Debug|Any CPU.Build.0 = Debug|Any CPU
		{CAC94A74-12B5-412F-A9EB-1CB61B6C10E8}.Release|Any CPU.ActiveCfg = Release|Any CPU
		{CAC94A74-12B5-412F-A9EB-1CB61B6C10E8}.Release|Any CPU.Build.0 = Release|Any CPU
		{C7E393D3-4F51-4EE8-976F-FCA12249AE13}.Debug|Any CPU.ActiveCfg = Debug|Any CPU
		{C7E393D3-4F51-4EE8-976F-FCA12249AE13}.Debug|Any CPU.Build.0 = Debug|Any CPU
		{C7E393D3-4F51-4EE8-976F-FCA12249AE13}.Release|Any CPU.ActiveCfg = Release|Any CPU
		{C7E393D3-4F51-4EE8-976F-FCA12249AE13}.Release|Any CPU.Build.0 = Release|Any CPU
		{184DE67E-9302-4681-860D-90FB88BCB87B}.Debug|Any CPU.ActiveCfg = Debug|Any CPU
		{184DE67E-9302-4681-860D-90FB88BCB87B}.Debug|Any CPU.Build.0 = Debug|Any CPU
		{184DE67E-9302-4681-860D-90FB88BCB87B}.Release|Any CPU.ActiveCfg = Release|Any CPU
		{184DE67E-9302-4681-860D-90FB88BCB87B}.Release|Any CPU.Build.0 = Release|Any CPU
	EndGlobalSection
	GlobalSection(SolutionProperties) = preSolution
		HideSolutionNode = FALSE
	EndGlobalSection
	GlobalSection(ExtensibilityGlobals) = postSolution
		SolutionGuid = {8C997D4A-8CD0-4964-9A78-A18A3F0F35A1}
	EndGlobalSection
EndGlobal
